{
  "lockfile_version": "1",
  "packages": {
    "bat@latest": {
      "last_modified": "2025-07-13T22:45:35Z",
      "resolved": "github:NixOS/nixpkgs/a421ac6595024edcfbb1ef950a3712b89161c359#bat",
      "source": "devbox-search",
      "version": "0.25.0",
      "systems": {
        "aarch64-darwin": {
          "outputs": [
            {
              "name": "out",
              "path": "/nix/store/899zsz6110yxip2ickww96j7irv9492j-bat-0.25.0",
              "default": true
            }
          ],
          "store_path": "/nix/store/899zsz6110yxip2ickww96j7irv9492j-bat-0.25.0"
        },
        "aarch64-linux": {
          "outputs": [
            {
              "name": "out",
              "path": "/nix/store/n5l63zzr6cp4pkag9qrdcpwg787jxsy7-bat-0.25.0",
              "default": true
            }
          ],
          "store_path": "/nix/store/n5l63zzr6cp4pkag9qrdcpwg787jxsy7-bat-0.25.0"
        },
        "x86_64-darwin": {
          "outputs": [
            {
              "name": "out",
              "path": "/nix/store/7092mqa7qcaxh35h9w3x8062m32cckvl-bat-0.25.0",
              "default": true
            }
          ],
          "store_path": "/nix/store/7092mqa7qcaxh35h9w3x8062m32cckvl-bat-0.25.0"
        },
        "x86_64-linux": {
          "outputs": [
            {
              "name": "out",
              "path": "/nix/store/fii01vp4ba670znzid9ziavz7d4kv256-bat-0.25.0",
              "default": true
            }
          ],
          "store_path": "/nix/store/fii01vp4ba670znzid9ziavz7d4kv256-bat-0.25.0"
        }
      }
    },
    "cocoapods@latest": {
      "last_modified": "2025-07-13T22:45:35Z",
      "resolved": "github:NixOS/nixpkgs/a421ac6595024edcfbb1ef950a3712b89161c359#cocoapods",
      "source": "devbox-search",
      "version": "1.16.2",
      "systems": {
        "aarch64-darwin": {
          "outputs": [
            {
              "name": "out",
              "path": "/nix/store/p7a2cra09bk37ccdj6dmjf8pzwzshcr7-cocoapods-1.16.2",
              "default": true
            }
          ],
          "store_path": "/nix/store/p7a2cra09bk37ccdj6dmjf8pzwzshcr7-cocoapods-1.16.2"
        },
        "x86_64-darwin": {
          "outputs": [
            {
              "name": "out",
              "path": "/nix/store/i86a5lg5w2d5lbxr4ixsij775j15fhmy-cocoapods-1.16.2",
              "default": true
            }
          ],
          "store_path": "/nix/store/i86a5lg5w2d5lbxr4ixsij775j15fhmy-cocoapods-1.16.2"
        }
      }
    },
    "darwin.apple_sdk.frameworks.Foundation": {
      "resolved": "github:NixOS/nixpkgs/6027c30c8e9810896b92429f0092f624f7b1aace?narHash=sha256-cnL5WWn%2FxkZoyH%2F03NNUS7QgW5vI7D1i74g48qplCvg%3D#darwin.apple_sdk.frameworks.Foundation",
      "source": "nixpkg"
    },
    "git@2.47.2": {
      "last_modified": "2025-02-07T11:26:36Z",
      "resolved": "github:NixOS/nixpkgs/d98abf5cf5914e5e4e9d57205e3af55ca90ffc1d#git",
      "source": "devbox-search",
      "version": "2.47.2",
      "systems": {
        "aarch64-darwin": {
          "outputs": [
            {
              "name": "out",
              "path": "/nix/store/9z3jhc0rlj3zaw8nd1zka9vli6w0q11g-git-2.47.2",
              "default": true
            },
            {
              "name": "doc",
              "path": "/nix/store/rh151iwgy4h8yv8kxd5facw57cyj0bav-git-2.47.2-doc"
            }
          ],
          "store_path": "/nix/store/9z3jhc0rlj3zaw8nd1zka9vli6w0q11g-git-2.47.2"
        },
        "aarch64-linux": {
          "outputs": [
            {
              "name": "out",
              "path": "/nix/store/gx5y37qcfqdvn0h6swjd04dmqjjh3nk7-git-2.47.2",
              "default": true
            },
            {
              "name": "doc",
              "path": "/nix/store/c25mq3q83dvw3k5pb0qr5333g3cycylq-git-2.47.2-doc"
            },
            {
              "name": "debug",
              "path": "/nix/store/8vfpmf3vjgzl2psip76p0f9h11sb6y3p-git-2.47.2-debug"
            }
          ],
          "store_path": "/nix/store/gx5y37qcfqdvn0h6swjd04dmqjjh3nk7-git-2.47.2"
        },
        "x86_64-darwin": {
          "outputs": [
            {
              "name": "out",
              "path": "/nix/store/39xx5gx3hxigs1b5ldw5i2jr84vsn3rf-git-2.47.2",
              "default": true
            },
            {
              "name": "doc",
              "path": "/nix/store/xmh2djjrnbpiqqgpblrcbavnqh0nv4km-git-2.47.2-doc"
            }
          ],
          "store_path": "/nix/store/39xx5gx3hxigs1b5ldw5i2jr84vsn3rf-git-2.47.2"
        },
        "x86_64-linux": {
          "outputs": [
            {
              "name": "out",
              "path": "/nix/store/33g65w5cc9n8fr0hxj84282xmv4l7hyl-git-2.47.2",
              "default": true
            },
            {
              "name": "doc",
              "path": "/nix/store/lb4nipdhlwrxdavz7gdkcik6lkz3cbdm-git-2.47.2-doc"
            },
            {
              "name": "debug",
              "path": "/nix/store/jyz4nvcd3bci4vg2sfsmvrq0fp9mzr5a-git-2.47.2-debug"
            }
          ],
          "store_path": "/nix/store/33g65w5cc9n8fr0hxj84282xmv4l7hyl-git-2.47.2"
        }
      }
    },
    "github:NixOS/nixpkgs/nixpkgs-unstable": {
      "last_modified": "2025-07-25T08:26:56Z",
      "resolved": "github:NixOS/nixpkgs/6027c30c8e9810896b92429f0092f624f7b1aace?lastModified=1753432016&narHash=sha256-cnL5WWn%2FxkZoyH%2F03NNUS7QgW5vI7D1i74g48qplCvg%3D"
    },
    "nodejs@23.10.0": {
      "last_modified": "2025-03-23T05:31:05Z",
      "plugin_version": "0.0.2",
      "resolved": "github:NixOS/nixpkgs/dd613136ee91f67e5dba3f3f41ac99ae89c5406b#nodejs_23",
      "source": "devbox-search",
      "version": "23.10.0",
      "systems": {
        "aarch64-darwin": {
          "outputs": [
            {
              "name": "out",
              "path": "/nix/store/dihlffh62qmgzsrxq1igwxicdyr3fn8a-nodejs-23.10.0",
              "default": true
            },
            {
              "name": "libv8",
              "path": "/nix/store/ks94i4365833bykrzg3d3mqxnciygyrn-nodejs-23.10.0-libv8"
            }
          ],
          "store_path": "/nix/store/dihlffh62qmgzsrxq1igwxicdyr3fn8a-nodejs-23.10.0"
        },
        "aarch64-linux": {
          "outputs": [
            {
              "name": "out",
              "path": "/nix/store/m7j1lf8a4z5bfla1m78pa3y12888hl7b-nodejs-23.10.0",
              "default": true
            },
            {
              "name": "libv8",
              "path": "/nix/store/kfvlfxx83n2w2fyb8hiz4p4dc165r035-nodejs-23.10.0-libv8"
            }
          ],
          "store_path": "/nix/store/m7j1lf8a4z5bfla1m78pa3y12888hl7b-nodejs-23.10.0"
        },
        "x86_64-darwin": {
          "outputs": [
            {
              "name": "out",
              "path": "/nix/store/nj0d1lc4nanqj7v4ibcgd26m3p5yfb0h-nodejs-23.10.0",
              "default": true
            },
            {
              "name": "libv8",
              "path": "/nix/store/k5rvmvqyibamfxa7cfzjfd5ldmi38kf3-nodejs-23.10.0-libv8"
            }
          ],
          "store_path": "/nix/store/nj0d1lc4nanqj7v4ibcgd26m3p5yfb0h-nodejs-23.10.0"
        },
        "x86_64-linux": {
          "outputs": [
            {
              "name": "out",
              "path": "/nix/store/m7imcmwi4hschl257dzc33gxciqlf4bm-nodejs-23.10.0",
              "default": true
            },
            {
              "name": "libv8",
              "path": "/nix/store/wy7ysxmd2ygdc5zpbhf9ripwgvvvnwsd-nodejs-23.10.0-libv8"
            }
          ],
          "store_path": "/nix/store/m7imcmwi4hschl257dzc33gxciqlf4bm-nodejs-23.10.0"
        }
      }
    },
    "pkg-config@latest": {
      "last_modified": "2025-07-13T22:45:35Z",
      "resolved": "github:NixOS/nixpkgs/a421ac6595024edcfbb1ef950a3712b89161c359#pkg-config",
      "source": "devbox-search",
      "version": "0.29.2",
      "systems": {
        "aarch64-darwin": {
          "outputs": [
            {
              "name": "out",
              "path": "/nix/store/ln3ag9li111lb1z3d5kx85lmbwl02jxl-pkg-config-wrapper-0.29.2",
              "default": true
            },
            {
              "name": "man",
              "path": "/nix/store/mzinwf7wbz9bjpabxlf282jz063cqm0a-pkg-config-wrapper-0.29.2-man",
              "default": true
            },
            {
              "name": "doc",
              "path": "/nix/store/sjzdp47pc9islgv9yrb86v15z1fhl4s3-pkg-config-wrapper-0.29.2-doc"
            }
          ],
          "store_path": "/nix/store/ln3ag9li111lb1z3d5kx85lmbwl02jxl-pkg-config-wrapper-0.29.2"
        },
        "aarch64-linux": {
          "outputs": [
            {
              "name": "out",
              "path": "/nix/store/8xrwhdy4xjigawram5dbny74770464yi-pkg-config-wrapper-0.29.2",
              "default": true
            },
            {
              "name": "man",
              "path": "/nix/store/6wqf1vc84w4s7j0yyhakhjchf7fbbk9a-pkg-config-wrapper-0.29.2-man",
              "default": true
            },
            {
              "name": "doc",
              "path": "/nix/store/7f813rg7vj5ay0gvgwrjr7wf1j20j5rb-pkg-config-wrapper-0.29.2-doc"
            }
          ],
          "store_path": "/nix/store/8xrwhdy4xjigawram5dbny74770464yi-pkg-config-wrapper-0.29.2"
        },
        "x86_64-darwin": {
          "outputs": [
            {
              "name": "out",
              "path": "/nix/store/8awl29877crxfik0kypxcw2fgsj278qc-pkg-config-wrapper-0.29.2",
              "default": true
            },
            {
              "name": "man",
              "path": "/nix/store/0gyljbb8s4yq7hscv3330skbz6rnxshn-pkg-config-wrapper-0.29.2-man",
              "default": true
            },
            {
              "name": "doc",
              "path": "/nix/store/aynq77v8d0axk0x6v3asb3cbdsmvqyhn-pkg-config-wrapper-0.29.2-doc"
            }
          ],
          "store_path": "/nix/store/8awl29877crxfik0kypxcw2fgsj278qc-pkg-config-wrapper-0.29.2"
        },
        "x86_64-linux": {
          "outputs": [
            {
              "name": "out",
              "path": "/nix/store/rxz7i1sj19nrcmyk4sg49i2h1vfaazby-pkg-config-wrapper-0.29.2",
              "default": true
            },
            {
              "name": "man",
              "path": "/nix/store/z11lns38jrq1mb37cqlqwg19shgvnq1k-pkg-config-wrapper-0.29.2-man",
              "default": true
            },
            {
              "name": "doc",
              "path": "/nix/store/aq64w9jjm6gmizlxh1a362jjcfwlzsz2-pkg-config-wrapper-0.29.2-doc"
            }
          ],
          "store_path": "/nix/store/rxz7i1sj19nrcmyk4sg49i2h1vfaazby-pkg-config-wrapper-0.29.2"
        }
      }
    },
    "python@3.13.2": {
      "last_modified": "2025-04-17T05:47:26Z",
      "plugin_version": "0.0.4",
      "resolved": "github:NixOS/nixpkgs/ebe4301cbd8f81c4f8d3244b3632338bbeb6d49c#python313",
      "source": "devbox-search",
      "version": "3.13.2",
      "systems": {
        "aarch64-darwin": {
          "outputs": [
            {
              "name": "out",
              "path": "/nix/store/g3hara4q5c71qvjanyisr54j5d3xhvqa-python3-3.13.2",
              "default": true
            }
          ],
          "store_path": "/nix/store/g3hara4q5c71qvjanyisr54j5d3xhvqa-python3-3.13.2"
        },
        "aarch64-linux": {
          "outputs": [
            {
              "name": "out",
              "path": "/nix/store/92piz860vw3lki8wvs2kcpg5ibkhw9xn-python3-3.13.2",
              "default": true
            },
            {
              "name": "debug",
              "path": "/nix/store/zzh6jwcrdwiiwk5m6vcgn0d7jxxay13i-python3-3.13.2-debug"
            }
          ],
          "store_path": "/nix/store/92piz860vw3lki8wvs2kcpg5ibkhw9xn-python3-3.13.2"
        },
        "x86_64-darwin": {
          "outputs": [
            {
              "name": "out",
              "path": "/nix/store/licrw67jc4x964fiw1ia1fq2fqyiwixw-python3-3.13.2",
              "default": true
            }
          ],
          "store_path": "/nix/store/licrw67jc4x964fiw1ia1fq2fqyiwixw-python3-3.13.2"
        },
        "x86_64-linux": {
          "outputs": [
            {
              "name": "out",
              "path": "/nix/store/xhq29h77qh5rhiwgcbirq1vy8j432qpr-python3-3.13.2",
              "default": true
            },
            {
              "name": "debug",
              "path": "/nix/store/r7q6j70a3gsqwjkl91qxvskmdk5jmj7y-python3-3.13.2-debug"
            }
          ],
          "store_path": "/nix/store/xhq29h77qh5rhiwgcbirq1vy8j432qpr-python3-3.13.2"
        }
      }
    },
    "vips.dev": {
      "resolved": "github:NixOS/nixpkgs/6027c30c8e9810896b92429f0092f624f7b1aace?narHash=sha256-cnL5WWn%2FxkZoyH%2F03NNUS7QgW5vI7D1i74g48qplCvg%3D#vips.dev",
      "source": "nixpkg"
    },
    "yarn@1.22.19": {
      "last_modified": "2024-03-08T13:51:52Z",
      "resolved": "github:NixOS/nixpkgs/a343533bccc62400e8a9560423486a3b6c11a23b#yarn",
      "source": "devbox-search",
      "version": "1.22.19",
      "systems": {
        "aarch64-darwin": {
          "outputs": [
            {
              "name": "out",
              "path": "/nix/store/7r6llb2c10y2vhg7jccynzif8g9zdvbi-yarn-1.22.19",
              "default": true
            }
          ],
          "store_path": "/nix/store/7r6llb2c10y2vhg7jccynzif8g9zdvbi-yarn-1.22.19"
        },
        "aarch64-linux": {
          "outputs": [
            {
              "name": "out",
              "path": "/nix/store/6xvv5b8wpxqfl56mssavl7yg29p962ss-yarn-1.22.19",
              "default": true
            }
          ],
          "store_path": "/nix/store/6xvv5b8wpxqfl56mssavl7yg29p962ss-yarn-1.22.19"
        },
        "x86_64-darwin": {
          "outputs": [
            {
              "name": "out",
              "path": "/nix/store/467zg6l9icqbjgpqar4i2xzyzzz87a63-yarn-1.22.19",
              "default": true
            }
          ],
          "store_path": "/nix/store/467zg6l9icqbjgpqar4i2xzyzzz87a63-yarn-1.22.19"
        },
        "x86_64-linux": {
          "outputs": [
            {
              "name": "out",
              "path": "/nix/store/iscnp03q7lm8fsyq0ahajl6dlb8msdb9-yarn-1.22.19",
              "default": true
            }
          ],
          "store_path": "/nix/store/iscnp03q7lm8fsyq0ahajl6dlb8msdb9-yarn-1.22.19"
        }
      }
    }
  }
}
